// !$*UTF8*$!
{
	archiveVersion = 1;
	classes = {
	};
	objectVersion = 46;
	objects = {

/* Begin PBXFileReference section */
		361A0BEC13DF6A2E0013CF0B /* Balloon Track.kml */ = {isa = PBXFileReference; lastKnownFileType = text.xml; path = "Balloon Track.kml"; sourceTree = "<group>"; };
		361A0BED13DF6A2E0013CF0B /* D710 Track.kml */ = {isa = PBXFileReference; lastKnownFileType = text.xml; path = "D710 Track.kml"; sourceTree = "<group>"; };
		361A0BEE13DF6A2E0013CF0B /* readSocket.py */ = {isa = PBXFileReference; lastKnownFileType = text.script.python; path = readSocket.py; sourceTree = "<group>"; };
		361A0BEF13DF6A2E0013CF0B /* writetoKML.py */ = {isa = PBXFileReference; lastKnownFileType = text.script.python; path = writetoKML.py; sourceTree = "<group>"; };
		361A0BF013DF6A2E0013CF0B /* README */ = {isa = PBXFileReference; lastKnownFileType = text; name = README; path = ../README; sourceTree = "<group>"; };
		361A0BF213DF6A750013CF0B /* tcplistener.py */ = {isa = PBXFileReference; lastKnownFileType = text.script.python; name = tcplistener.py; path = "../Telescope Driver/tcplistener.py"; sourceTree = "<group>"; };
		361A0BF413DF6DFA0013CF0B /* __init__.py */ = {isa = PBXFileReference; lastKnownFileType = text.script.python; name = __init__.py; path = ../tcp_listener_base/__init__.py; sourceTree = "<group>"; };
		36316D9713E0BDA100F0E406 /* converter.py */ = {isa = PBXFileReference; lastKnownFileType = text.script.python; name = converter.py; path = gmaps/converter.py; sourceTree = "<group>"; };
		36316D9813E0BE4600F0E406 /* printer.py */ = {isa = PBXFileReference; name = printer.py; path = gmaps/printer.py; sourceTree = "<group>"; };
/* End PBXFileReference section */

/* Begin PBXGroup section */
		361A0BE213DF6A070013CF0B = {
			isa = PBXGroup;
			children = (
				36316D9513E0BD7C00F0E406 /* gmaps */,
				361A0BF313DF6DB00013CF0B /* tcp_listener_base */,
				361A0BF113DF6A450013CF0B /* Telescope Driver */,
				361A0BEB13DF6A2E0013CF0B /* Google Earth Plotter */,
				361A0BF013DF6A2E0013CF0B /* README */,
			);
			sourceTree = "<group>";
		};
		361A0BEB13DF6A2E0013CF0B /* Google Earth Plotter */ = {
			isa = PBXGroup;
			children = (
				361A0BEC13DF6A2E0013CF0B /* Balloon Track.kml */,
				361A0BED13DF6A2E0013CF0B /* D710 Track.kml */,
				361A0BEE13DF6A2E0013CF0B /* readSocket.py */,
				361A0BEF13DF6A2E0013CF0B /* writetoKML.py */,
			);
			name = "Google Earth Plotter";
			path = "../Google Earth Plotter";
			sourceTree = "<group>";
		};
		361A0BF113DF6A450013CF0B /* Telescope Driver */ = {
			isa = PBXGroup;
			children = (
				361A0BF213DF6A750013CF0B /* tcplistener.py */,
			);
			name = "Telescope Driver";
			sourceTree = "<group>";
		};
		361A0BF313DF6DB00013CF0B /* tcp_listener_base */ = {
			isa = PBXGroup;
			children = (
				361A0BF413DF6DFA0013CF0B /* __init__.py */,
			);
			name = tcp_listener_base;
			sourceTree = "<group>";
		};
		36316D9513E0BD7C00F0E406 /* gmaps */ = {
			isa = PBXGroup;
			children = (
				36316D9713E0BDA100F0E406 /* converter.py */,
				36316D9813E0BE4600F0E406 /* printer.py */,
			);
			name = gmaps;
			sourceTree = "<group>";
		};
/* End PBXGroup section */

/* Begin PBXProject section */
		361A0BE413DF6A070013CF0B /* Project object */ = {
			isa = PBXProject;
			attributes = {
				ORGANIZATIONNAME = "Sheyne Anderson";
			};
			buildConfigurationList = 361A0BE713DF6A070013CF0B /* Build configuration list for PBXProject "Harbor-Scripts" */;
			compatibilityVersion = "Xcode 3.2";
			developmentRegion = English;
			hasScannedForEncodings = 0;
			knownRegions = (
				en,
			);
			mainGroup = 361A0BE213DF6A070013CF0B;
			projectDirPath = "";
			projectRoot = "";
			targets = (
			);
		};
/* End PBXProject section */

/* Begin XCBuildConfiguration section */
		361A0BE913DF6A070013CF0B /* Debug */ = {
			isa = XCBuildConfiguration;
			buildSettings = {
			};
			name = Debug;
		};
		361A0BEA13DF6A070013CF0B /* Release */ = {
			isa = XCBuildConfiguration;
			buildSettings = {
			};
			name = Release;
		};
/* End XCBuildConfiguration section */

/* Begin XCConfigurationList section */
		361A0BE713DF6A070013CF0B /* Build configuration list for PBXProject "Harbor-Scripts" */ = {
			isa = XCConfigurationList;
			buildConfigurations = (
				361A0BE913DF6A070013CF0B /* Debug */,
				361A0BEA13DF6A070013CF0B /* Release */,
			);
			defaultConfigurationIsVisible = 0;
			defaultConfigurationName = Release;
		};
/* End XCConfigurationList section */
	};
	rootObject = 361A0BE413DF6A070013CF0B /* Project object */;
}
